PODS:
  - ObjectAssociation (1.2.1)

DEPENDENCIES:
  - ObjectAssociation (from `../`)

EXTERNAL SOURCES:
  ObjectAssociation:
    :path: "../"

SPEC CHECKSUMS:
  ObjectAssociation: 950698a9261b151e1c106713a6ce707a90e820d3

PODFILE CHECKSUM: f2bbf51803c37e16598582879cf3f2a8ff0ba6d7

COCOAPODS: 1.5.0
